
Microsoft Visual Studio Solution File, Format Version 12.00
# Visual Studio Version 17
VisualStudioVersion = 17.0.32126.317
MinimumVisualStudioVersion = 10.0.40219.1
Project("{FAE04EC0-301F-11D3-BF4B-00C04F79EFBC}") = "HovyMonitor.DeskBar.Win", ".\HovyMonitor.DeskBar.Win\HovyMonitor.DeskBar.Win.csproj", "{808BD6C8-498F-4CF8-B8F5-E73879901E46}"
EndProject
Project("{9A19103F-16F7-4668-BE54-9A1E7A4F7556}") = "HovyMonitor.Api", ".\HovyMonitor.Api\HovyMonitor.Api.csproj", "{96B6D376-C7B0-4684-8080-94019519AD68}"
EndProject
Project("{FAE04EC0-301F-11D3-BF4B-00C04F79EFBC}") = "HovyMonitor", ".\HovyMonitor\HovyMonitor.csproj", "{CC2DDCB3-CEE3-4412-ACEC-22F3564030A7}"
EndProject
Global
	GlobalSection(SolutionConfigurationPlatforms) = preSolution
		Debug|Any CPU = Debug|Any CPU
		Release|Any CPU = Release|Any CPU
	EndGlobalSection
	GlobalSection(ProjectConfigurationPlatforms) = postSolution
		{808BD6C8-498F-4CF8-B8F5-E73879901E46}.Debug|Any CPU.ActiveCfg = Debug|Any CPU
		{808BD6C8-498F-4CF8-B8F5-E73879901E46}.Debug|Any CPU.Build.0 = Debug|Any CPU
		{808BD6C8-498F-4CF8-B8F5-E73879901E46}.Release|Any CPU.ActiveCfg = Release|Any CPU
		{808BD6C8-498F-4CF8-B8F5-E73879901E46}.Release|Any CPU.Build.0 = Release|Any CPU
		{96B6D376-C7B0-4684-8080-94019519AD68}.Debug|Any CPU.ActiveCfg = Debug|Any CPU
		{96B6D376-C7B0-4684-8080-94019519AD68}.Debug|Any CPU.Build.0 = Debug|Any CPU
		{96B6D376-C7B0-4684-8080-94019519AD68}.Release|Any CPU.ActiveCfg = Release|Any CPU
		{96B6D376-C7B0-4684-8080-94019519AD68}.Release|Any CPU.Build.0 = Release|Any CPU
		{CC2DDCB3-CEE3-4412-ACEC-22F3564030A7}.Debug|Any CPU.ActiveCfg = Debug|Any CPU
		{CC2DDCB3-CEE3-4412-ACEC-22F3564030A7}.Debug|Any CPU.Build.0 = Debug|Any CPU
		{CC2DDCB3-CEE3-4412-ACEC-22F3564030A7}.Release|Any CPU.ActiveCfg = Release|Any CPU
		{CC2DDCB3-CEE3-4412-ACEC-22F3564030A7}.Release|Any CPU.Build.0 = Release|Any CPU
	EndGlobalSection
	GlobalSection(SolutionProperties) = preSolution
		HideSolutionNode = FALSE
	EndGlobalSection
	GlobalSection(ExtensibilityGlobals) = postSolution
		SolutionGuid = {6218366C-FDAD-4053-A3C1-5507934D8829}
	EndGlobalSection
EndGlobal
